
Microsoft Visual Studio Solution File, Format Version 12.00
# Visual Studio Version 17
VisualStudioVersion = 17.14.36203.30
MinimumVisualStudioVersion = 10.0.40219.1
Project("{FAE04EC0-301F-11D3-BF4B-00C04F79EFBC}") = "CSharpAppPlayground", "CSharpAppPlayground.csproj", "{0A1DEF29-21F5-4017-940B-5D608BCEB83B}"
EndProject
Global
	GlobalSection(SolutionConfigurationPlatforms) = preSolution
		Debug|Any CPU = Debug|Any CPU
		Debug|x64 = Debug|x64
		Release|Any CPU = Release|Any CPU
		Release|x64 = Release|x64
	EndGlobalSection
	GlobalSection(ProjectConfigurationPlatforms) = postSolution
		{0A1DEF29-21F5-4017-940B-5D608BCEB83B}.Debug|Any CPU.ActiveCfg = Debug|Any CPU
		{0A1DEF29-21F5-4017-940B-5D608BCEB83B}.Debug|Any CPU.Build.0 = Debug|Any CPU
		{0A1DEF29-21F5-4017-940B-5D608BCEB83B}.Debug|x64.ActiveCfg = Debug|x64
		{0A1DEF29-21F5-4017-940B-5D608BCEB83B}.Debug|x64.Build.0 = Debug|x64
		{0A1DEF29-21F5-4017-940B-5D608BCEB83B}.Release|Any CPU.ActiveCfg = Release|Any CPU
		{0A1DEF29-21F5-4017-940B-5D608BCEB83B}.Release|Any CPU.Build.0 = Release|Any CPU
		{0A1DEF29-21F5-4017-940B-5D608BCEB83B}.Release|x64.ActiveCfg = Release|x64
		{0A1DEF29-21F5-4017-940B-5D608BCEB83B}.Release|x64.Build.0 = Release|x64
	EndGlobalSection
	GlobalSection(SolutionProperties) = preSolution
		HideSolutionNode = FALSE
	EndGlobalSection
	GlobalSection(ExtensibilityGlobals) = postSolution
		SolutionGuid = {69E71938-E827-4D62-B25B-BEC98E4E7195}
	EndGlobalSection
EndGlobal
